
Microsoft Visual Studio Solution File, Format Version 12.00
# Visual Studio 15
VisualStudioVersion = 15.0.28307.572
MinimumVisualStudioVersion = 10.0.40219.1
Project("{FAE04EC0-301F-11D3-BF4B-00C04F79EFBC}") = "method_of_pair_comparisons_winform", "method_of_pair_comparisons_winform\method_of_pair_comparisons_winform.csproj", "{FFF7B0C2-396B-4930-ADF4-FAC9F178380E}"
EndProject
Global
	GlobalSection(SolutionConfigurationPlatforms) = preSolution
		Debug|Any CPU = Debug|Any CPU
		Release|Any CPU = Release|Any CPU
	EndGlobalSection
	GlobalSection(ProjectConfigurationPlatforms) = postSolution
		{FFF7B0C2-396B-4930-ADF4-FAC9F178380E}.Debug|Any CPU.ActiveCfg = Debug|Any CPU
		{FFF7B0C2-396B-4930-ADF4-FAC9F178380E}.Debug|Any CPU.Build.0 = Debug|Any CPU
		{FFF7B0C2-396B-4930-ADF4-FAC9F178380E}.Release|Any CPU.ActiveCfg = Release|Any CPU
		{FFF7B0C2-396B-4930-ADF4-FAC9F178380E}.Release|Any CPU.Build.0 = Release|Any CPU
	EndGlobalSection
	GlobalSection(SolutionProperties) = preSolution
		HideSolutionNode = FALSE
	EndGlobalSection
	GlobalSection(ExtensibilityGlobals) = postSolution
		SolutionGuid = {B0A7554D-DD9D-4D27-870B-B7BF185F80A8}
	EndGlobalSection
EndGlobal
